
Microsoft Visual Studio Solution File, Format Version 12.00
# Visual Studio Version 16
VisualStudioVersion = 16.0.31605.320
MinimumVisualStudioVersion = 10.0.40219.1
Project("{FAE04EC0-301F-11D3-BF4B-00C04F79EFBC}") = "Telefon_Rehberi", "Telefon_Rehberi.csproj", "{8BD8F44B-B2B8-465F-900F-422FEC309C3A}"
EndProject
Global
	GlobalSection(SolutionConfigurationPlatforms) = preSolution
		Debug|Any CPU = Debug|Any CPU
		Release|Any CPU = Release|Any CPU
	EndGlobalSection
	GlobalSection(ProjectConfigurationPlatforms) = postSolution
		{8BD8F44B-B2B8-465F-900F-422FEC309C3A}.Debug|Any CPU.ActiveCfg = Debug|Any CPU
		{8BD8F44B-B2B8-465F-900F-422FEC309C3A}.Debug|Any CPU.Build.0 = Debug|Any CPU
		{8BD8F44B-B2B8-465F-900F-422FEC309C3A}.Release|Any CPU.ActiveCfg = Release|Any CPU
		{8BD8F44B-B2B8-465F-900F-422FEC309C3A}.Release|Any CPU.Build.0 = Release|Any CPU
	EndGlobalSection
	GlobalSection(SolutionProperties) = preSolution
		HideSolutionNode = FALSE
	EndGlobalSection
	GlobalSection(ExtensibilityGlobals) = postSolution
		SolutionGuid = {B5726AA6-87E9-4BAE-85A1-2B3C0B7E90BF}
	EndGlobalSection
EndGlobal
